{
  "version": 1,
  "dependencies": {
    "net8.0-windows7.0": {
      "embyplayer.core": {
        "type": "Project"
      },
      "embyplayer.player": {
        "type": "Project",
        "dependencies": {
          "EmbyPlayer.Core": "[1.0.0-beta.2, )"
        }
      }
    },
    "net8.0-windows7.0/win-x64": {}
  }
}